# THIS IS AN AUTOGENERATED FILE. DO NOT EDIT THIS FILE DIRECTLY.
# yarn lockfile v1


classnames@^2.1.3, classnames@^2.2.3:
  version "2.2.6"
  resolved "https://registry.yarnpkg.com/classnames/-/classnames-2.2.6.tgz#43935bffdd291f326dad0a205309b38d00f650ce"
  integrity sha512-JR/iSQOSt+LQIWwrwEzJ9uk0xfN3mTVYMwt1Ir5mUcSN6pU+V4zQFFaJsclJbPuAUQH+yfWef6tm7l1quW3C8Q==

except@^0.1.3:
  version "0.1.3"
  resolved "https://registry.yarnpkg.com/except/-/except-0.1.3.tgz#98261c91958551536b44482238e9783fb73d292a"
  integrity sha1-mCYckZWFUVNrREgiOOl4P7c9KSo=
  dependencies:
    indexof "0.0.1"

indexof@0.0.1:
  version "0.0.1"
  resolved "https://registry.yarnpkg.com/indexof/-/indexof-0.0.1.tgz#82dc336d232b9062179d05ab3293a66059fd435d"
  integrity sha1-gtwzbSMrkGIXnQWrMpOmYFn9Q10=

invariant@^2.1.0:
  version "2.2.4"
  resolved "https://registry.yarnpkg.com/invariant/-/invariant-2.2.4.tgz#610f3c92c9359ce1db616e538008d23ff35158e6"
  integrity sha512-phJfQVBuaJM5raOpJjSfkiD6BpbCE4Ns//LaXl6wGYtUBY83nWS6Rf9tXm2e8VaK60JEjYldbPif/A2B1C2gNA==
  dependencies:
    loose-envify "^1.0.0"

"js-tokens@^3.0.0 || ^4.0.0":
  version "4.0.0"
  resolved "https://registry.yarnpkg.com/js-tokens/-/js-tokens-4.0.0.tgz#19203fb59991df98e3a287050d4647cdeaf32499"
  integrity sha512-RdJUflcE3cUzKiMqQgsCu06FPu9UdIJO0beYbPhHN4k6apgJtifcoCtT9bcxOpYBtpD2kCM6Sbzg4CausW/PKQ==

lodash@^4.0.0:
  version "4.17.15"
  resolved "https://registry.yarnpkg.com/lodash/-/lodash-4.17.15.tgz#b447f6670a0455bbfeedd11392eff330ea097548"
  integrity sha512-8xOcRHvCjnocdS5cpwXQXVzmmh5e5+saE2QGoeQmbKmRS6J3VQppPOIt0MnmE+4xlZoumy0GPG0D0MVIQbNA1A==

loose-envify@^1.0.0, loose-envify@^1.1.0, loose-envify@^1.4.0:
  version "1.4.0"
  resolved "https://registry.yarnpkg.com/loose-envify/-/loose-envify-1.4.0.tgz#71ee51fa7be4caec1a63839f7e682d8132d30caf"
  integrity sha512-lyuxPGr/Wfhrlem2CL/UcnUc1zcqKAImBDzukY7Y5F/yQiNdko6+fRLevlw1HgMySw7f611UIY408EtxRSoK3Q==
  dependencies:
    js-tokens "^3.0.0 || ^4.0.0"

object-assign@^4.1.1:
  version "4.1.1"
  resolved "https://registry.yarnpkg.com/object-assign/-/object-assign-4.1.1.tgz#2109adc7965887cfc05cbbd442cac8bfbb360863"
  integrity sha1-IQmtx5ZYh8/AXLvUQsrIv7s2CGM=

prop-types@^15.5.10, prop-types@^15.6.2:
  version "15.7.2"
  resolved "https://registry.yarnpkg.com/prop-types/-/prop-types-15.7.2.tgz#52c41e75b8c87e72b9d9360e0206b99dcbffa6c5"
  integrity sha512-8QQikdH7//R2vurIJSutZ1smHYTcLpRWEOlHnzcWHmBYrOGUysKwSsrC89BCiFj3CbrfJ/nXFdJepOVrY1GCHQ==
  dependencies:
    loose-envify "^1.4.0"
    object-assign "^4.1.1"
    react-is "^16.8.1"

react-base@^0.2.0:
  version "0.2.0"
  resolved "https://registry.yarnpkg.com/react-base/-/react-base-0.2.0.tgz#1b8c591b2878b62b6317427301c38f3db1e0f47a"
  integrity sha1-G4xZGyh4titjF0JzAcOPPbHg9Ho=
  dependencies:
    invariant "^2.1.0"
    react-c "^0.2.0"
    react-callback-register "^0.1.0"
    react-passthrough "^0.1.0"

react-c@^0.2.0:
  version "0.2.0"
  resolved "https://registry.yarnpkg.com/react-c/-/react-c-0.2.0.tgz#abb3e0417f1fdc23c92e0345c9f91d70619cb608"
  integrity sha1-q7PgQX8f3CPJLgNFyfkdcGGctgg=
  dependencies:
    classnames "^2.1.3"
    invariant "^2.1.0"

react-callback-register@^0.1.0:
  version "0.1.0"
  resolved "https://registry.yarnpkg.com/react-callback-register/-/react-callback-register-0.1.0.tgz#3f6265a7c8342e6d287ed67fa9b04328a22138cc"
  integrity sha1-P2Jlp8g0Lm0oftZ/qbBDKKIhOMw=
  dependencies:
    invariant "^2.1.0"

react-compose@^2.0.0:
  version "2.0.0"
  resolved "https://registry.yarnpkg.com/react-compose/-/react-compose-2.0.0.tgz#e0134def2455860457d4c6a7d49f2a641cb26db9"
  integrity sha512-mPeWQJd+meBkN7BAhO+ynUpASLbgQmQPpjY6kv9UFxHGfLRab1/vANzJBFY2bCrDJ50Mv2ZcmjsUg2v7h0t+YA==
  dependencies:
    classnames "^2.2.3"
    lodash "^4.0.0"
    prop-types "^15.5.10"

react-is@^16.8.1:
  version "16.9.0"
  resolved "https://registry.yarnpkg.com/react-is/-/react-is-16.9.0.tgz#21ca9561399aad0ff1a7701c01683e8ca981edcb"
  integrity sha512-tJBzzzIgnnRfEm046qRcURvwQnZVXmuCbscxUO5RWrGTXpon2d4c8mI0D8WE6ydVIm29JiLB6+RslkIvym9Rjw==

react-passthrough@^0.1.0:
  version "0.1.0"
  resolved "https://registry.yarnpkg.com/react-passthrough/-/react-passthrough-0.1.0.tgz#0ae3655828d84e42a1b02e340e49cd6d339db779"
  integrity sha1-CuNlWCjYTkKhsC40DknNbTOdt3k=
  dependencies:
    except "^0.1.3"
    invariant "^2.1.0"

react@^16.9.0:
  version "16.9.0"
  resolved "https://registry.yarnpkg.com/react/-/react-16.9.0.tgz#40ba2f9af13bc1a38d75dbf2f4359a5185c4f7aa"
  integrity sha512-+7LQnFBwkiw+BobzOF6N//BdoNw0ouwmSJTEm9cglOOmsg/TMiFHZLe2sEoN5M7LgJTj9oHH0gxklfnQe66S1w==
  dependencies:
    loose-envify "^1.1.0"
    object-assign "^4.1.1"
    prop-types "^15.6.2"
